// !$*UTF8*$!
{
	archiveVersion = 1;
	classes = {
	};
	objectVersion = 56;
	objects = {

/* Begin PBXBuildFile section */
		D4099D6D295CC233002C3D98 /* main.m in Sources */ = {isa = PBXBuildFile; fileRef = D4099D6C295CC233002C3D98 /* main.m */; };
		D4099DB9295CC33E002C3D98 /* libresolv.tbd in Frameworks */ = {isa = PBXBuildFile; fileRef = D4099DB8295CC32F002C3D98 /* libresolv.tbd */; };
		D4099E15295D064C002C3D98 /* QNGetAddrInfo.m in Sources */ = {isa = PBXBuildFile; fileRef = D4099DBF295D064C002C3D98 /* QNGetAddrInfo.m */; };
		D4099E17295D064C002C3D98 /* QNAsyncUdpSocket.m in Sources */ = {isa = PBXBuildFile; fileRef = D4099DC5295D064C002C3D98 /* QNAsyncUdpSocket.m */; };
		D4099E1A295D064C002C3D98 /* QNTxtResolver.m in Sources */ = {isa = PBXBuildFile; fileRef = D4099DEA295D064C002C3D98 /* QNTxtResolver.m */; };
		D4099E1C295D064C002C3D98 /* QNResolver.m in Sources */ = {isa = PBXBuildFile; fileRef = D4099DF0295D064C002C3D98 /* QNResolver.m */; };
		D4099E1D295D064C002C3D98 /* QNResolvUtil.m in Sources */ = {isa = PBXBuildFile; fileRef = D4099DF1295D064C002C3D98 /* QNResolvUtil.m */; };
		D4099E1E295D064C002C3D98 /* QNHosts.m in Sources */ = {isa = PBXBuildFile; fileRef = D4099DF2295D064C002C3D98 /* QNHosts.m */; };
		D4099E1F295D064C002C3D98 /* QNDnsManager.m in Sources */ = {isa = PBXBuildFile; fileRef = D4099DF5295D064C002C3D98 /* QNDnsManager.m */; };
		D4099E20295D064C002C3D98 /* QNLruCache.m in Sources */ = {isa = PBXBuildFile; fileRef = D4099DF7295D064C002C3D98 /* QNLruCache.m */; };
		D4099E21295D064C002C3D98 /* QNNetworkInfo.m in Sources */ = {isa = PBXBuildFile; fileRef = D4099DFB295D064C002C3D98 /* QNNetworkInfo.m */; };
		D4099E22295D064C002C3D98 /* QNDomain.m in Sources */ = {isa = PBXBuildFile; fileRef = D4099DFD295D064C002C3D98 /* QNDomain.m */; };
		D4099E23295D064C002C3D98 /* QNRecord.m in Sources */ = {isa = PBXBuildFile; fileRef = D4099DFF295D064C002C3D98 /* QNRecord.m */; };
		D4099E24295D064C002C3D98 /* QNDnsError.m in Sources */ = {isa = PBXBuildFile; fileRef = D4099E00295D064C002C3D98 /* QNDnsError.m */; };
		D4099E26295D064C002C3D98 /* QNDnsResolver.m in Sources */ = {isa = PBXBuildFile; fileRef = D4099E07295D064C002C3D98 /* QNDnsResolver.m */; };
		D4099E27295D064C002C3D98 /* QNDnsUdpResolver.m in Sources */ = {isa = PBXBuildFile; fileRef = D4099E0A295D064C002C3D98 /* QNDnsUdpResolver.m */; };
		D4099E28295D064C002C3D98 /* QNDnsMessage.m in Sources */ = {isa = PBXBuildFile; fileRef = D4099E0B295D064C002C3D98 /* QNDnsMessage.m */; };
		D4099E29295D064C002C3D98 /* QNDohResolver.m in Sources */ = {isa = PBXBuildFile; fileRef = D4099E0C295D064C002C3D98 /* QNDohResolver.m */; };
		D4099E2A295D064C002C3D98 /* QNDnsResponse.m in Sources */ = {isa = PBXBuildFile; fileRef = D4099E0E295D064C002C3D98 /* QNDnsResponse.m */; };
		D4099E2B295D064C002C3D98 /* QNDnsRequest.m in Sources */ = {isa = PBXBuildFile; fileRef = D4099E0F295D064C002C3D98 /* QNDnsRequest.m */; };
		D455D5152962F3CE00282150 /* QNHex.m in Sources */ = {isa = PBXBuildFile; fileRef = D455D5142962F3CE00282150 /* QNHex.m */; };
		D455D5172962F46E00282150 /* QNIP.m in Sources */ = {isa = PBXBuildFile; fileRef = D455D5162962F46E00282150 /* QNIP.m */; };
		D455D5192962F49D00282150 /* NSData+QNRW.m in Sources */ = {isa = PBXBuildFile; fileRef = D455D5182962F49D00282150 /* NSData+QNRW.m */; };
/* End PBXBuildFile section */

/* Begin PBXCopyFilesBuildPhase section */
		D4099D67295CC233002C3D98 /* CopyFiles */ = {
			isa = PBXCopyFilesBuildPhase;
			buildActionMask = 2147483647;
			dstPath = /usr/share/man/man1/;
			dstSubfolderSpec = 0;
			files = (
			);
			runOnlyForDeploymentPostprocessing = 1;
		};
/* End PBXCopyFilesBuildPhase section */

/* Begin PBXFileReference section */
		D4099D69295CC233002C3D98 /* DNS Lookup server */ = {isa = PBXFileReference; explicitFileType = "compiled.mach-o.executable"; includeInIndex = 0; path = "DNS Lookup server"; sourceTree = BUILT_PRODUCTS_DIR; };
		D4099D6C295CC233002C3D98 /* main.m */ = {isa = PBXFileReference; lastKnownFileType = sourcecode.c.objc; path = main.m; sourceTree = "<group>"; };
		D4099DB8295CC32F002C3D98 /* libresolv.tbd */ = {isa = PBXFileReference; lastKnownFileType = "sourcecode.text-based-dylib-definition"; name = libresolv.tbd; path = usr/lib/libresolv.tbd; sourceTree = SDKROOT; };
		D4099DBE295D064C002C3D98 /* QNAsyncUdpSocket.h */ = {isa = PBXFileReference; fileEncoding = 4; lastKnownFileType = sourcecode.c.h; path = QNAsyncUdpSocket.h; sourceTree = "<group>"; };
		D4099DBF295D064C002C3D98 /* QNGetAddrInfo.m */ = {isa = PBXFileReference; fileEncoding = 4; lastKnownFileType = sourcecode.c.objc; path = QNGetAddrInfo.m; sourceTree = "<group>"; };
		D4099DC0295D064C002C3D98 /* NSData+QNRW.h */ = {isa = PBXFileReference; fileEncoding = 4; lastKnownFileType = sourcecode.c.h; path = "NSData+QNRW.h"; sourceTree = "<group>"; };
		D4099DC4295D064C002C3D98 /* QNHex.h */ = {isa = PBXFileReference; fileEncoding = 4; lastKnownFileType = sourcecode.c.h; path = QNHex.h; sourceTree = "<group>"; };
		D4099DC5295D064C002C3D98 /* QNAsyncUdpSocket.m */ = {isa = PBXFileReference; fileEncoding = 4; lastKnownFileType = sourcecode.c.objc; path = QNAsyncUdpSocket.m; sourceTree = "<group>"; };
		D4099DC6295D064C002C3D98 /* QNIP.h */ = {isa = PBXFileReference; fileEncoding = 4; lastKnownFileType = sourcecode.c.h; path = QNIP.h; sourceTree = "<group>"; };
		D4099DC9295D064C002C3D98 /* QNGetAddrInfo.h */ = {isa = PBXFileReference; fileEncoding = 4; lastKnownFileType = sourcecode.c.h; path = QNGetAddrInfo.h; sourceTree = "<group>"; };
		D4099DEA295D064C002C3D98 /* QNTxtResolver.m */ = {isa = PBXFileReference; fileEncoding = 4; lastKnownFileType = sourcecode.c.objc; path = QNTxtResolver.m; sourceTree = "<group>"; };
		D4099DEB295D064C002C3D98 /* QNResolvUtil.h */ = {isa = PBXFileReference; fileEncoding = 4; lastKnownFileType = sourcecode.c.h; path = QNResolvUtil.h; sourceTree = "<group>"; };
		D4099DEC295D064C002C3D98 /* QNResolver.h */ = {isa = PBXFileReference; fileEncoding = 4; lastKnownFileType = sourcecode.c.h; path = QNResolver.h; sourceTree = "<group>"; };
		D4099DED295D064C002C3D98 /* QNHosts.h */ = {isa = PBXFileReference; fileEncoding = 4; lastKnownFileType = sourcecode.c.h; path = QNHosts.h; sourceTree = "<group>"; };
		D4099DEF295D064C002C3D98 /* QNTxtResolver.h */ = {isa = PBXFileReference; fileEncoding = 4; lastKnownFileType = sourcecode.c.h; path = QNTxtResolver.h; sourceTree = "<group>"; };
		D4099DF0295D064C002C3D98 /* QNResolver.m */ = {isa = PBXFileReference; fileEncoding = 4; lastKnownFileType = sourcecode.c.objc; path = QNResolver.m; sourceTree = "<group>"; };
		D4099DF1295D064C002C3D98 /* QNResolvUtil.m */ = {isa = PBXFileReference; fileEncoding = 4; lastKnownFileType = sourcecode.c.objc; path = QNResolvUtil.m; sourceTree = "<group>"; };
		D4099DF2295D064C002C3D98 /* QNHosts.m */ = {isa = PBXFileReference; fileEncoding = 4; lastKnownFileType = sourcecode.c.objc; path = QNHosts.m; sourceTree = "<group>"; };
		D4099DF4295D064C002C3D98 /* QNNetworkInfo.h */ = {isa = PBXFileReference; fileEncoding = 4; lastKnownFileType = sourcecode.c.h; path = QNNetworkInfo.h; sourceTree = "<group>"; };
		D4099DF5295D064C002C3D98 /* QNDnsManager.m */ = {isa = PBXFileReference; fileEncoding = 4; lastKnownFileType = sourcecode.c.objc; path = QNDnsManager.m; sourceTree = "<group>"; };
		D4099DF6295D064C002C3D98 /* QNDomain.h */ = {isa = PBXFileReference; fileEncoding = 4; lastKnownFileType = sourcecode.c.h; path = QNDomain.h; sourceTree = "<group>"; };
		D4099DF7295D064C002C3D98 /* QNLruCache.m */ = {isa = PBXFileReference; fileEncoding = 4; lastKnownFileType = sourcecode.c.objc; path = QNLruCache.m; sourceTree = "<group>"; };
		D4099DF8295D064C002C3D98 /* QNDnsError.h */ = {isa = PBXFileReference; fileEncoding = 4; lastKnownFileType = sourcecode.c.h; path = QNDnsError.h; sourceTree = "<group>"; };
		D4099DF9295D064C002C3D98 /* QNRecord.h */ = {isa = PBXFileReference; fileEncoding = 4; lastKnownFileType = sourcecode.c.h; path = QNRecord.h; sourceTree = "<group>"; };
		D4099DFA295D064C002C3D98 /* QNResolverDelegate.h */ = {isa = PBXFileReference; fileEncoding = 4; lastKnownFileType = sourcecode.c.h; path = QNResolverDelegate.h; sourceTree = "<group>"; };
		D4099DFB295D064C002C3D98 /* QNNetworkInfo.m */ = {isa = PBXFileReference; fileEncoding = 4; lastKnownFileType = sourcecode.c.objc; path = QNNetworkInfo.m; sourceTree = "<group>"; };
		D4099DFC295D064C002C3D98 /* QNLruCache.h */ = {isa = PBXFileReference; fileEncoding = 4; lastKnownFileType = sourcecode.c.h; path = QNLruCache.h; sourceTree = "<group>"; };
		D4099DFD295D064C002C3D98 /* QNDomain.m */ = {isa = PBXFileReference; fileEncoding = 4; lastKnownFileType = sourcecode.c.objc; path = QNDomain.m; sourceTree = "<group>"; };
		D4099DFE295D064C002C3D98 /* QNDnsManager.h */ = {isa = PBXFileReference; fileEncoding = 4; lastKnownFileType = sourcecode.c.h; path = QNDnsManager.h; sourceTree = "<group>"; };
		D4099DFF295D064C002C3D98 /* QNRecord.m */ = {isa = PBXFileReference; fileEncoding = 4; lastKnownFileType = sourcecode.c.objc; path = QNRecord.m; sourceTree = "<group>"; };
		D4099E00295D064C002C3D98 /* QNDnsError.m */ = {isa = PBXFileReference; fileEncoding = 4; lastKnownFileType = sourcecode.c.objc; path = QNDnsError.m; sourceTree = "<group>"; };
		D4099E06295D064C002C3D98 /* QNDnsResponse.h */ = {isa = PBXFileReference; fileEncoding = 4; lastKnownFileType = sourcecode.c.h; path = QNDnsResponse.h; sourceTree = "<group>"; };
		D4099E07295D064C002C3D98 /* QNDnsResolver.m */ = {isa = PBXFileReference; fileEncoding = 4; lastKnownFileType = sourcecode.c.objc; path = QNDnsResolver.m; sourceTree = "<group>"; };
		D4099E08295D064C002C3D98 /* QNDnsRequest.h */ = {isa = PBXFileReference; fileEncoding = 4; lastKnownFileType = sourcecode.c.h; path = QNDnsRequest.h; sourceTree = "<group>"; };
		D4099E09295D064C002C3D98 /* QNDnsDefine.h */ = {isa = PBXFileReference; fileEncoding = 4; lastKnownFileType = sourcecode.c.h; path = QNDnsDefine.h; sourceTree = "<group>"; };
		D4099E0A295D064C002C3D98 /* QNDnsUdpResolver.m */ = {isa = PBXFileReference; fileEncoding = 4; lastKnownFileType = sourcecode.c.objc; path = QNDnsUdpResolver.m; sourceTree = "<group>"; };
		D4099E0B295D064C002C3D98 /* QNDnsMessage.m */ = {isa = PBXFileReference; fileEncoding = 4; lastKnownFileType = sourcecode.c.objc; path = QNDnsMessage.m; sourceTree = "<group>"; };
		D4099E0C295D064C002C3D98 /* QNDohResolver.m */ = {isa = PBXFileReference; fileEncoding = 4; lastKnownFileType = sourcecode.c.objc; path = QNDohResolver.m; sourceTree = "<group>"; };
		D4099E0D295D064C002C3D98 /* QNDnsResolver.h */ = {isa = PBXFileReference; fileEncoding = 4; lastKnownFileType = sourcecode.c.h; path = QNDnsResolver.h; sourceTree = "<group>"; };
		D4099E0E295D064C002C3D98 /* QNDnsResponse.m */ = {isa = PBXFileReference; fileEncoding = 4; lastKnownFileType = sourcecode.c.objc; path = QNDnsResponse.m; sourceTree = "<group>"; };
		D4099E0F295D064C002C3D98 /* QNDnsRequest.m */ = {isa = PBXFileReference; fileEncoding = 4; lastKnownFileType = sourcecode.c.objc; path = QNDnsRequest.m; sourceTree = "<group>"; };
		D4099E10295D064C002C3D98 /* QNDnsUdpResolver.h */ = {isa = PBXFileReference; fileEncoding = 4; lastKnownFileType = sourcecode.c.h; path = QNDnsUdpResolver.h; sourceTree = "<group>"; };
		D4099E11295D064C002C3D98 /* QNDohResolver.h */ = {isa = PBXFileReference; fileEncoding = 4; lastKnownFileType = sourcecode.c.h; path = QNDohResolver.h; sourceTree = "<group>"; };
		D4099E12295D064C002C3D98 /* QNDnsMessage.h */ = {isa = PBXFileReference; fileEncoding = 4; lastKnownFileType = sourcecode.c.h; path = QNDnsMessage.h; sourceTree = "<group>"; };
		D455D5142962F3CE00282150 /* QNHex.m */ = {isa = PBXFileReference; fileEncoding = 4; lastKnownFileType = sourcecode.c.objc; path = QNHex.m; sourceTree = "<group>"; };
		D455D5162962F46E00282150 /* QNIP.m */ = {isa = PBXFileReference; fileEncoding = 4; lastKnownFileType = sourcecode.c.objc; path = QNIP.m; sourceTree = "<group>"; };
		D455D5182962F49D00282150 /* NSData+QNRW.m */ = {isa = PBXFileReference; fileEncoding = 4; lastKnownFileType = sourcecode.c.objc; path = "NSData+QNRW.m"; sourceTree = "<group>"; };
/* End PBXFileReference section */

/* Begin PBXFrameworksBuildPhase section */
		D4099D66295CC233002C3D98 /* Frameworks */ = {
			isa = PBXFrameworksBuildPhase;
			buildActionMask = 2147483647;
			files = (
				D4099DB9295CC33E002C3D98 /* libresolv.tbd in Frameworks */,
			);
			runOnlyForDeploymentPostprocessing = 0;
		};
/* End PBXFrameworksBuildPhase section */

/* Begin PBXGroup section */
		D4099D60295CC233002C3D98 = {
			isa = PBXGroup;
			children = (
				D4099D6B295CC233002C3D98 /* DNS Lookup server */,
				D4099D6A295CC233002C3D98 /* Products */,
				D4099DB7295CC32F002C3D98 /* Frameworks */,
			);
			sourceTree = "<group>";
		};
		D4099D6A295CC233002C3D98 /* Products */ = {
			isa = PBXGroup;
			children = (
				D4099D69295CC233002C3D98 /* DNS Lookup server */,
			);
			name = Products;
			sourceTree = "<group>";
		};
		D4099D6B295CC233002C3D98 /* DNS Lookup server */ = {
			isa = PBXGroup;
			children = (
				D4099DBA295D064C002C3D98 /* Server */,
				D4099D6C295CC233002C3D98 /* main.m */,
			);
			path = "DNS Lookup server";
			sourceTree = "<group>";
		};
		D4099DB7295CC32F002C3D98 /* Frameworks */ = {
			isa = PBXGroup;
			children = (
				D4099DB8295CC32F002C3D98 /* libresolv.tbd */,
			);
			name = Frameworks;
			sourceTree = "<group>";
		};
		D4099DBA295D064C002C3D98 /* Server */ = {
			isa = PBXGroup;
			children = (
				D4099DBB295D064C002C3D98 /* Util */,
				D4099DE8295D064C002C3D98 /* Local */,
				D4099DF3295D064C002C3D98 /* Common */,
				D4099E05295D064C002C3D98 /* Dns */,
			);
			path = Server;
			sourceTree = "<group>";
		};
		D4099DBB295D064C002C3D98 /* Util */ = {
			isa = PBXGroup;
			children = (
				D455D5142962F3CE00282150 /* QNHex.m */,
				D4099DBE295D064C002C3D98 /* QNAsyncUdpSocket.h */,
				D4099DBF295D064C002C3D98 /* QNGetAddrInfo.m */,
				D4099DC0295D064C002C3D98 /* NSData+QNRW.h */,
				D455D5182962F49D00282150 /* NSData+QNRW.m */,
				D4099DC4295D064C002C3D98 /* QNHex.h */,
				D455D5162962F46E00282150 /* QNIP.m */,
				D4099DC5295D064C002C3D98 /* QNAsyncUdpSocket.m */,
				D4099DC6295D064C002C3D98 /* QNIP.h */,
				D4099DC9295D064C002C3D98 /* QNGetAddrInfo.h */,
			);
			path = Util;
			sourceTree = "<group>";
		};
		D4099DE8295D064C002C3D98 /* Local */ = {
			isa = PBXGroup;
			children = (
				D4099DEA295D064C002C3D98 /* QNTxtResolver.m */,
				D4099DEB295D064C002C3D98 /* QNResolvUtil.h */,
				D4099DEC295D064C002C3D98 /* QNResolver.h */,
				D4099DED295D064C002C3D98 /* QNHosts.h */,
				D4099DEF295D064C002C3D98 /* QNTxtResolver.h */,
				D4099DF0295D064C002C3D98 /* QNResolver.m */,
				D4099DF1295D064C002C3D98 /* QNResolvUtil.m */,
				D4099DF2295D064C002C3D98 /* QNHosts.m */,
			);
			path = Local;
			sourceTree = "<group>";
		};
		D4099DF3295D064C002C3D98 /* Common */ = {
			isa = PBXGroup;
			children = (
				D4099DF4295D064C002C3D98 /* QNNetworkInfo.h */,
				D4099DF5295D064C002C3D98 /* QNDnsManager.m */,
				D4099DF6295D064C002C3D98 /* QNDomain.h */,
				D4099DF7295D064C002C3D98 /* QNLruCache.m */,
				D4099DF8295D064C002C3D98 /* QNDnsError.h */,
				D4099DF9295D064C002C3D98 /* QNRecord.h */,
				D4099DFA295D064C002C3D98 /* QNResolverDelegate.h */,
				D4099DFB295D064C002C3D98 /* QNNetworkInfo.m */,
				D4099DFC295D064C002C3D98 /* QNLruCache.h */,
				D4099DFD295D064C002C3D98 /* QNDomain.m */,
				D4099DFE295D064C002C3D98 /* QNDnsManager.h */,
				D4099DFF295D064C002C3D98 /* QNRecord.m */,
				D4099E00295D064C002C3D98 /* QNDnsError.m */,
			);
			path = Common;
			sourceTree = "<group>";
		};
		D4099E05295D064C002C3D98 /* Dns */ = {
			isa = PBXGroup;
			children = (
				D4099E06295D064C002C3D98 /* QNDnsResponse.h */,
				D4099E07295D064C002C3D98 /* QNDnsResolver.m */,
				D4099E08295D064C002C3D98 /* QNDnsRequest.h */,
				D4099E09295D064C002C3D98 /* QNDnsDefine.h */,
				D4099E0A295D064C002C3D98 /* QNDnsUdpResolver.m */,
				D4099E0B295D064C002C3D98 /* QNDnsMessage.m */,
				D4099E0C295D064C002C3D98 /* QNDohResolver.m */,
				D4099E0D295D064C002C3D98 /* QNDnsResolver.h */,
				D4099E0E295D064C002C3D98 /* QNDnsResponse.m */,
				D4099E0F295D064C002C3D98 /* QNDnsRequest.m */,
				D4099E10295D064C002C3D98 /* QNDnsUdpResolver.h */,
				D4099E11295D064C002C3D98 /* QNDohResolver.h */,
				D4099E12295D064C002C3D98 /* QNDnsMessage.h */,
			);
			path = Dns;
			sourceTree = "<group>";
		};
/* End PBXGroup section */

/* Begin PBXNativeTarget section */
		D4099D68295CC233002C3D98 /* DNS Lookup server */ = {
			isa = PBXNativeTarget;
			buildConfigurationList = D4099D70295CC233002C3D98 /* Build configuration list for PBXNativeTarget "DNS Lookup server" */;
			buildPhases = (
				D4099D65295CC233002C3D98 /* Sources */,
				D4099D66295CC233002C3D98 /* Frameworks */,
				D4099D67295CC233002C3D98 /* CopyFiles */,
			);
			buildRules = (
			);
			dependencies = (
			);
			name = "DNS Lookup server";
			productName = "DNS Lookup server";
			productReference = D4099D69295CC233002C3D98 /* DNS Lookup server */;
			productType = "com.apple.product-type.tool";
		};
/* End PBXNativeTarget section */

/* Begin PBXProject section */
		D4099D61295CC233002C3D98 /* Project object */ = {
			isa = PBXProject;
			attributes = {
				BuildIndependentTargetsInParallel = 1;
				LastUpgradeCheck = 1410;
				TargetAttributes = {
					D4099D68295CC233002C3D98 = {
						CreatedOnToolsVersion = 14.1;
					};
				};
			};
			buildConfigurationList = D4099D64295CC233002C3D98 /* Build configuration list for PBXProject "DNS Lookup server" */;
			compatibilityVersion = "Xcode 14.0";
			developmentRegion = en;
			hasScannedForEncodings = 0;
			knownRegions = (
				en,
				Base,
			);
			mainGroup = D4099D60295CC233002C3D98;
			productRefGroup = D4099D6A295CC233002C3D98 /* Products */;
			projectDirPath = "";
			projectRoot = "";
			targets = (
				D4099D68295CC233002C3D98 /* DNS Lookup server */,
			);
		};
/* End PBXProject section */

/* Begin PBXSourcesBuildPhase section */
		D4099D65295CC233002C3D98 /* Sources */ = {
			isa = PBXSourcesBuildPhase;
			buildActionMask = 2147483647;
			files = (
				D4099E1E295D064C002C3D98 /* QNHosts.m in Sources */,
				D4099E26295D064C002C3D98 /* QNDnsResolver.m in Sources */,
				D4099E1D295D064C002C3D98 /* QNResolvUtil.m in Sources */,
				D4099E15295D064C002C3D98 /* QNGetAddrInfo.m in Sources */,
				D4099E20295D064C002C3D98 /* QNLruCache.m in Sources */,
				D455D5172962F46E00282150 /* QNIP.m in Sources */,
				D4099E17295D064C002C3D98 /* QNAsyncUdpSocket.m in Sources */,
				D4099E2A295D064C002C3D98 /* QNDnsResponse.m in Sources */,
				D455D5192962F49D00282150 /* NSData+QNRW.m in Sources */,
				D4099E28295D064C002C3D98 /* QNDnsMessage.m in Sources */,
				D4099D6D295CC233002C3D98 /* main.m in Sources */,
				D4099E1F295D064C002C3D98 /* QNDnsManager.m in Sources */,
				D4099E1A295D064C002C3D98 /* QNTxtResolver.m in Sources */,
				D4099E29295D064C002C3D98 /* QNDohResolver.m in Sources */,
				D4099E2B295D064C002C3D98 /* QNDnsRequest.m in Sources */,
				D455D5152962F3CE00282150 /* QNHex.m in Sources */,
				D4099E24295D064C002C3D98 /* QNDnsError.m in Sources */,
				D4099E22295D064C002C3D98 /* QNDomain.m in Sources */,
				D4099E1C295D064C002C3D98 /* QNResolver.m in Sources */,
				D4099E21295D064C002C3D98 /* QNNetworkInfo.m in Sources */,
				D4099E27295D064C002C3D98 /* QNDnsUdpResolver.m in Sources */,
				D4099E23295D064C002C3D98 /* QNRecord.m in Sources */,
			);
			runOnlyForDeploymentPostprocessing = 0;
		};
/* End PBXSourcesBuildPhase section */

/* Begin XCBuildConfiguration section */
		D4099D6E295CC233002C3D98 /* Debug */ = {
			isa = XCBuildConfiguration;
			buildSettings = {
				ALWAYS_SEARCH_USER_PATHS = NO;
				CLANG_ANALYZER_NONNULL = YES;
				CLANG_ANALYZER_NUMBER_OBJECT_CONVERSION = YES_AGGRESSIVE;
				CLANG_CXX_LANGUAGE_STANDARD = "gnu++20";
				CLANG_ENABLE_MODULES = YES;
				CLANG_ENABLE_OBJC_ARC = YES;
				CLANG_ENABLE_OBJC_WEAK = YES;
				CLANG_WARN_BLOCK_CAPTURE_AUTORELEASING = YES;
				CLANG_WARN_BOOL_CONVERSION = YES;
				CLANG_WARN_COMMA = YES;
				CLANG_WARN_CONSTANT_CONVERSION = YES;
				CLANG_WARN_DEPRECATED_OBJC_IMPLEMENTATIONS = YES;
				CLANG_WARN_DIRECT_OBJC_ISA_USAGE = YES_ERROR;
				CLANG_WARN_DOCUMENTATION_COMMENTS = YES;
				CLANG_WARN_EMPTY_BODY = YES;
				CLANG_WARN_ENUM_CONVERSION = YES;
				CLANG_WARN_INFINITE_RECURSION = YES;
				CLANG_WARN_INT_CONVERSION = YES;
				CLANG_WARN_NON_LITERAL_NULL_CONVERSION = YES;
				CLANG_WARN_OBJC_IMPLICIT_RETAIN_SELF = YES;
				CLANG_WARN_OBJC_LITERAL_CONVERSION = YES;
				CLANG_WARN_OBJC_ROOT_CLASS = YES_ERROR;
				CLANG_WARN_QUOTED_INCLUDE_IN_FRAMEWORK_HEADER = YES;
				CLANG_WARN_RANGE_LOOP_ANALYSIS = YES;
				CLANG_WARN_STRICT_PROTOTYPES = YES;
				CLANG_WARN_SUSPICIOUS_MOVE = YES;
				CLANG_WARN_UNGUARDED_AVAILABILITY = YES_AGGRESSIVE;
				CLANG_WARN_UNREACHABLE_CODE = YES;
				CLANG_WARN__DUPLICATE_METHOD_MATCH = YES;
				COPY_PHASE_STRIP = NO;
				DEBUG_INFORMATION_FORMAT = dwarf;
				ENABLE_STRICT_OBJC_MSGSEND = YES;
				ENABLE_TESTABILITY = YES;
				GCC_C_LANGUAGE_STANDARD = gnu11;
				GCC_DYNAMIC_NO_PIC = NO;
				GCC_NO_COMMON_BLOCKS = YES;
				GCC_OPTIMIZATION_LEVEL = 0;
				GCC_PREPROCESSOR_DEFINITIONS = (
					"DEBUG=1",
					"$(inherited)",
				);
				GCC_WARN_64_TO_32_BIT_CONVERSION = YES;
				GCC_WARN_ABOUT_RETURN_TYPE = YES_ERROR;
				GCC_WARN_UNDECLARED_SELECTOR = YES;
				GCC_WARN_UNINITIALIZED_AUTOS = YES_AGGRESSIVE;
				GCC_WARN_UNUSED_FUNCTION = YES;
				GCC_WARN_UNUSED_VARIABLE = YES;
				MACOSX_DEPLOYMENT_TARGET = 13.0;
				MTL_ENABLE_DEBUG_INFO = INCLUDE_SOURCE;
				MTL_FAST_MATH = YES;
				ONLY_ACTIVE_ARCH = YES;
				SDKROOT = macosx;
			};
			name = Debug;
		};
		D4099D6F295CC233002C3D98 /* Release */ = {
			isa = XCBuildConfiguration;
			buildSettings = {
				ALWAYS_SEARCH_USER_PATHS = NO;
				CLANG_ANALYZER_NONNULL = YES;
				CLANG_ANALYZER_NUMBER_OBJECT_CONVERSION = YES_AGGRESSIVE;
				CLANG_CXX_LANGUAGE_STANDARD = "gnu++20";
				CLANG_ENABLE_MODULES = YES;
				CLANG_ENABLE_OBJC_ARC = YES;
				CLANG_ENABLE_OBJC_WEAK = YES;
				CLANG_WARN_BLOCK_CAPTURE_AUTORELEASING = YES;
				CLANG_WARN_BOOL_CONVERSION = YES;
				CLANG_WARN_COMMA = YES;
				CLANG_WARN_CONSTANT_CONVERSION = YES;
				CLANG_WARN_DEPRECATED_OBJC_IMPLEMENTATIONS = YES;
				CLANG_WARN_DIRECT_OBJC_ISA_USAGE = YES_ERROR;
				CLANG_WARN_DOCUMENTATION_COMMENTS = YES;
				CLANG_WARN_EMPTY_BODY = YES;
				CLANG_WARN_ENUM_CONVERSION = YES;
				CLANG_WARN_INFINITE_RECURSION = YES;
				CLANG_WARN_INT_CONVERSION = YES;
				CLANG_WARN_NON_LITERAL_NULL_CONVERSION = YES;
				CLANG_WARN_OBJC_IMPLICIT_RETAIN_SELF = YES;
				CLANG_WARN_OBJC_LITERAL_CONVERSION = YES;
				CLANG_WARN_OBJC_ROOT_CLASS = YES_ERROR;
				CLANG_WARN_QUOTED_INCLUDE_IN_FRAMEWORK_HEADER = YES;
				CLANG_WARN_RANGE_LOOP_ANALYSIS = YES;
				CLANG_WARN_STRICT_PROTOTYPES = YES;
				CLANG_WARN_SUSPICIOUS_MOVE = YES;
				CLANG_WARN_UNGUARDED_AVAILABILITY = YES_AGGRESSIVE;
				CLANG_WARN_UNREACHABLE_CODE = YES;
				CLANG_WARN__DUPLICATE_METHOD_MATCH = YES;
				COPY_PHASE_STRIP = NO;
				DEBUG_INFORMATION_FORMAT = "dwarf-with-dsym";
				ENABLE_NS_ASSERTIONS = NO;
				ENABLE_STRICT_OBJC_MSGSEND = YES;
				GCC_C_LANGUAGE_STANDARD = gnu11;
				GCC_NO_COMMON_BLOCKS = YES;
				GCC_WARN_64_TO_32_BIT_CONVERSION = YES;
				GCC_WARN_ABOUT_RETURN_TYPE = YES_ERROR;
				GCC_WARN_UNDECLARED_SELECTOR = YES;
				GCC_WARN_UNINITIALIZED_AUTOS = YES_AGGRESSIVE;
				GCC_WARN_UNUSED_FUNCTION = YES;
				GCC_WARN_UNUSED_VARIABLE = YES;
				MACOSX_DEPLOYMENT_TARGET = 13.0;
				MTL_ENABLE_DEBUG_INFO = NO;
				MTL_FAST_MATH = YES;
				SDKROOT = macosx;
			};
			name = Release;
		};
		D4099D71295CC233002C3D98 /* Debug */ = {
			isa = XCBuildConfiguration;
			buildSettings = {
				CODE_SIGN_STYLE = Automatic;
				DEVELOPMENT_TEAM = GAH72SPMY9;
				ENABLE_HARDENED_RUNTIME = YES;
				PRODUCT_NAME = "$(TARGET_NAME)";
			};
			name = Debug;
		};
		D4099D72295CC233002C3D98 /* Release */ = {
			isa = XCBuildConfiguration;
			buildSettings = {
				CODE_SIGN_STYLE = Automatic;
				DEVELOPMENT_TEAM = GAH72SPMY9;
				ENABLE_HARDENED_RUNTIME = YES;
				PRODUCT_NAME = "$(TARGET_NAME)";
			};
			name = Release;
		};
/* End XCBuildConfiguration section */

/* Begin XCConfigurationList section */
		D4099D64295CC233002C3D98 /* Build configuration list for PBXProject "DNS Lookup server" */ = {
			isa = XCConfigurationList;
			buildConfigurations = (
				D4099D6E295CC233002C3D98 /* Debug */,
				D4099D6F295CC233002C3D98 /* Release */,
			);
			defaultConfigurationIsVisible = 0;
			defaultConfigurationName = Release;
		};
		D4099D70295CC233002C3D98 /* Build configuration list for PBXNativeTarget "DNS Lookup server" */ = {
			isa = XCConfigurationList;
			buildConfigurations = (
				D4099D71295CC233002C3D98 /* Debug */,
				D4099D72295CC233002C3D98 /* Release */,
			);
			defaultConfigurationIsVisible = 0;
			defaultConfigurationName = Release;
		};
/* End XCConfigurationList section */
	};
	rootObject = D4099D61295CC233002C3D98 /* Project object */;
}
